
Microsoft Visual Studio Solution File, Format Version 12.00
# Visual Studio Version 17
VisualStudioVersion = 17.8.34330.188
MinimumVisualStudioVersion = 10.0.40219.1
Project("{9A19103F-16F7-4668-BE54-9A1E7A4F7556}") = "BulkyWeb", "BulkyWeb\BulkyWeb.csproj", "{1112F249-67F8-4324-9032-2BC50EBEA70E}"
EndProject
Project("{FAE04EC0-301F-11D3-BF4B-00C04F79EFBC}") = "Bulky.DataAccess", "Bulky.DataAccess\Bulky.DataAccess.csproj", "{B151C639-2E5D-47A3-9511-104DB0ADEEEA}"
EndProject
Project("{FAE04EC0-301F-11D3-BF4B-00C04F79EFBC}") = "Bulky.Models", "Bulky.Models\Bulky.Models.csproj", "{09CC9E58-24E5-49ED-B392-2C8EA2B7381B}"
EndProject
Project("{FAE04EC0-301F-11D3-BF4B-00C04F79EFBC}") = "Bulky.Utility", "Bulky.Utility\Bulky.Utility.csproj", "{238E71AA-1927-45E7-BB91-53EB051DF543}"
EndProject
Global
	GlobalSection(SolutionConfigurationPlatforms) = preSolution
		Debug|Any CPU = Debug|Any CPU
		Release|Any CPU = Release|Any CPU
	EndGlobalSection
	GlobalSection(ProjectConfigurationPlatforms) = postSolution
		{1112F249-67F8-4324-9032-2BC50EBEA70E}.Debug|Any CPU.ActiveCfg = Debug|Any CPU
		{1112F249-67F8-4324-9032-2BC50EBEA70E}.Debug|Any CPU.Build.0 = Debug|Any CPU
		{1112F249-67F8-4324-9032-2BC50EBEA70E}.Release|Any CPU.ActiveCfg = Release|Any CPU
		{1112F249-67F8-4324-9032-2BC50EBEA70E}.Release|Any CPU.Build.0 = Release|Any CPU
		{B151C639-2E5D-47A3-9511-104DB0ADEEEA}.Debug|Any CPU.ActiveCfg = Debug|Any CPU
		{B151C639-2E5D-47A3-9511-104DB0ADEEEA}.Debug|Any CPU.Build.0 = Debug|Any CPU
		{B151C639-2E5D-47A3-9511-104DB0ADEEEA}.Release|Any CPU.ActiveCfg = Release|Any CPU
		{B151C639-2E5D-47A3-9511-104DB0ADEEEA}.Release|Any CPU.Build.0 = Release|Any CPU
		{09CC9E58-24E5-49ED-B392-2C8EA2B7381B}.Debug|Any CPU.ActiveCfg = Debug|Any CPU
		{09CC9E58-24E5-49ED-B392-2C8EA2B7381B}.Debug|Any CPU.Build.0 = Debug|Any CPU
		{09CC9E58-24E5-49ED-B392-2C8EA2B7381B}.Release|Any CPU.ActiveCfg = Release|Any CPU
		{09CC9E58-24E5-49ED-B392-2C8EA2B7381B}.Release|Any CPU.Build.0 = Release|Any CPU
		{238E71AA-1927-45E7-BB91-53EB051DF543}.Debug|Any CPU.ActiveCfg = Debug|Any CPU
		{238E71AA-1927-45E7-BB91-53EB051DF543}.Debug|Any CPU.Build.0 = Debug|Any CPU
		{238E71AA-1927-45E7-BB91-53EB051DF543}.Release|Any CPU.ActiveCfg = Release|Any CPU
		{238E71AA-1927-45E7-BB91-53EB051DF543}.Release|Any CPU.Build.0 = Release|Any CPU
	EndGlobalSection
	GlobalSection(SolutionProperties) = preSolution
		HideSolutionNode = FALSE
	EndGlobalSection
	GlobalSection(ExtensibilityGlobals) = postSolution
		SolutionGuid = {2FE2FFC4-025F-46ED-9DC2-7BA99CA94B05}
	EndGlobalSection
EndGlobal
